{
  "name": "polymer-test",
  "version": "1.0.0",
  "lockfileVersion": 1,
  "requires": true,
  "dependencies": {
    "@lit-element-bootstrap/button": {
      "version": "1.0.0-alpha.7",
      "resolved": "https://registry.npmjs.org/@lit-element-bootstrap/button/-/button-1.0.0-alpha.7.tgz",
      "integrity": "sha512-FBVMvRl4AnuQwDhIVBpufgYohRr7SCgPQBfrp6ddFKXkBkj0fCyGgiSEBC8buW7hWabSWI+H97G41USNg3zWMA==",
      "requires": {
        "@lit-element-bootstrap/content": "^1.0.0-alpha.3",
        "lit-element": "^2.2.1"
      }
    },
    "@lit-element-bootstrap/content": {
      "version": "1.0.0-alpha.3",
      "resolved": "https://registry.npmjs.org/@lit-element-bootstrap/content/-/content-1.0.0-alpha.3.tgz",
      "integrity": "sha512-uE8xjp0EoHdPaEurDyJYf/inQg2IJQdBYdzYrz8qrIPYK3dh8xCgcoNOXSxrFqeHB2rm7SJfWFiEyL0AdCwGLg==",
      "requires": {
        "lit-element": "^2.2.1"
      }
    },
    "@lit-element-bootstrap/layout": {
      "version": "1.0.0-alpha.4",
      "resolved": "https://registry.npmjs.org/@lit-element-bootstrap/layout/-/layout-1.0.0-alpha.4.tgz",
      "integrity": "sha512-UujkTjFxfOfzdaLUq8Msh9OHi0WBz1Rb7uMe1oD7y/fZjRdTtUObLkn2g4mQmIFQyx8+FUA+vPzlOibflhVuxg==",
      "requires": {
        "@lit-element-bootstrap/content": "^1.0.0-alpha.3",
        "lit-element": "^2.2.1"
      }
    },
    "@lit-element-bootstrap/utilities": {
      "version": "1.0.0-alpha.4",
      "resolved": "https://registry.npmjs.org/@lit-element-bootstrap/utilities/-/utilities-1.0.0-alpha.4.tgz",
      "integrity": "sha512-z1jhVNWFlFCDDs6wzbtC+p7xPpIAlvnlEXPg7Gp7s4/Qn5jo1ZBlsGeWDxRSPeJouTy/S5qqc7hskKD1b4B/nw==",
      "requires": {
        "lit-element": "^2.2.1"
      }
    },
    "bootstrap": {
      "version": "4.4.1",
      "resolved": "https://registry.npmjs.org/bootstrap/-/bootstrap-4.4.1.tgz",
      "integrity": "sha512-tbx5cHubwE6e2ZG7nqM3g/FZ5PQEDMWmMGNrCUBVRPHXTJaH7CBDdsLeu3eCh3B1tzAxTnAbtmrzvWEvT2NNEA=="
    },
    "jquery": {
      "version": "3.4.1",
      "resolved": "https://registry.npmjs.org/jquery/-/jquery-3.4.1.tgz",
      "integrity": "sha512-36+AdBzCL+y6qjw5Tx7HgzeGCzC81MDDgaUP8ld2zhx58HdqXGoBd+tHdrBMiyjGQs0Hxs/MLZTu/eHNJJuWPw=="
    },
    "lit-element": {
      "version": "2.2.1",
      "resolved": "https://registry.npmjs.org/lit-element/-/lit-element-2.2.1.tgz",
      "integrity": "sha512-ipDcgQ1EpW6Va2Z6dWm79jYdimVepO5GL0eYkZrFvdr0OD/1N260Q9DH+K5HXHFrRoC7dOg+ZpED2XE0TgGdXw==",
      "requires": {
        "lit-html": "^1.0.0"
      }
    },
    "lit-element-bootstrap": {
      "version": "0.0.0",
      "resolved": "https://registry.npmjs.org/lit-element-bootstrap/-/lit-element-bootstrap-0.0.0.tgz",
      "integrity": "sha512-NLtQiDiZ1MbZ6LEBnGNqLwBVSUKT7SFz/nyGkJqN4DdazCFLiYRhdItqSSFuVqM9Os7ZgvpFgur/m4QW0naecA==",
      "requires": {
        "@lit-element-bootstrap/button": "^1.0.0-alpha.5",
        "@lit-element-bootstrap/content": "^1.0.0-alpha.2",
        "@lit-element-bootstrap/layout": "^1.0.0-alpha.1",
        "@lit-element-bootstrap/utilities": "^1.0.0-alpha.1",
        "lit-element": "2.2.0",
        "popper.js": "^1.14.4",
        "pwa-helpers": "^0.9.1"
      },
      "dependencies": {
        "lit-element": {
          "version": "2.2.0",
          "resolved": "https://registry.npmjs.org/lit-element/-/lit-element-2.2.0.tgz",
          "integrity": "sha512-Mzs3H7IO4wAnpzqreHw6dQqp9IG+h/oN8X9pgNbMZbE7x6B0aNOwP5Nveox/5HE+65ZfW2PeULEjoHkrwpTnuQ==",
          "requires": {
            "lit-html": "^1.0.0"
          }
        }
      }
    },
    "lit-html": {
      "version": "1.1.2",
      "resolved": "https://registry.npmjs.org/lit-html/-/lit-html-1.1.2.tgz",
      "integrity": "sha512-FFlUMKHKi+qG1x1iHNZ1hrtc/zHmfYTyrSvs3/wBTvaNtpZjOZGWzU7efGYVpgp6KvWeKF6ql9/KsCq6Z/mEDA=="
    },
    "popper.js": {
      "version": "1.16.0",
      "resolved": "https://registry.npmjs.org/popper.js/-/popper.js-1.16.0.tgz",
      "integrity": "sha512-+G+EkOPoE5S/zChTpmBSSDYmhXJ5PsW8eMhH8cP/CQHMFPBG/kC9Y5IIw6qNYgdJ+/COf0ddY2li28iHaZRSjw=="
    },
    "pwa-helpers": {
      "version": "0.9.1",
      "resolved": "https://registry.npmjs.org/pwa-helpers/-/pwa-helpers-0.9.1.tgz",
      "integrity": "sha512-4sP/C9sSxQ3w80AATmvCEI3R+MHzCwr2RSZEbLyMkeJgV3cRk7ySZRUrQnBDSA7A0/z6dkYtjuXlkhN1ZFw3iA=="
    }
  }
}
